
Microsoft Visual Studio Solution File, Format Version 12.00
# Visual Studio Version 17
VisualStudioVersion = 17.13.35818.85 d17.13
MinimumVisualStudioVersion = 10.0.40219.1
Project("{8BC9CEB8-8B4A-11D0-8D11-00A0C91BC942}") = "Arbitro", "Arbitro\Arbitro.vcxproj", "{50B0EB4E-A405-42E2-AE07-17694B7780DA}"
EndProject
Project("{8BC9CEB8-8B4A-11D0-8D11-00A0C91BC942}") = "JogoUI", "JogoUI\JogoUI.vcxproj", "{8807397B-8BDB-4C55-9F8E-8E96976BAC85}"
EndProject
Project("{8BC9CEB8-8B4A-11D0-8D11-00A0C91BC942}") = "Bot", "Bot\Bot.vcxproj", "{FC8A9709-71E2-4F98-AB00-AB231E58D53B}"
EndProject
Project("{8BC9CEB8-8B4A-11D0-8D11-00A0C91BC942}") = "Painel", "Painel\Painel.vcxproj", "{2C86995F-6A46-4C02-BC4D-6B3BD21FAC07}"
EndProject
Global
	GlobalSection(SolutionConfigurationPlatforms) = preSolution
		Debug|x64 = Debug|x64
		Debug|x86 = Debug|x86
		Release|x64 = Release|x64
		Release|x86 = Release|x86
	EndGlobalSection
	GlobalSection(ProjectConfigurationPlatforms) = postSolution
		{50B0EB4E-A405-42E2-AE07-17694B7780DA}.Debug|x64.ActiveCfg = Debug|x64
		{50B0EB4E-A405-42E2-AE07-17694B7780DA}.Debug|x64.Build.0 = Debug|x64
		{50B0EB4E-A405-42E2-AE07-17694B7780DA}.Debug|x86.ActiveCfg = Debug|Win32
		{50B0EB4E-A405-42E2-AE07-17694B7780DA}.Debug|x86.Build.0 = Debug|Win32
		{50B0EB4E-A405-42E2-AE07-17694B7780DA}.Release|x64.ActiveCfg = Release|x64
		{50B0EB4E-A405-42E2-AE07-17694B7780DA}.Release|x64.Build.0 = Release|x64
		{50B0EB4E-A405-42E2-AE07-17694B7780DA}.Release|x86.ActiveCfg = Release|Win32
		{50B0EB4E-A405-42E2-AE07-17694B7780DA}.Release|x86.Build.0 = Release|Win32
		{8807397B-8BDB-4C55-9F8E-8E96976BAC85}.Debug|x64.ActiveCfg = Debug|x64
		{8807397B-8BDB-4C55-9F8E-8E96976BAC85}.Debug|x64.Build.0 = Debug|x64
		{8807397B-8BDB-4C55-9F8E-8E96976BAC85}.Debug|x86.ActiveCfg = Debug|Win32
		{8807397B-8BDB-4C55-9F8E-8E96976BAC85}.Debug|x86.Build.0 = Debug|Win32
		{8807397B-8BDB-4C55-9F8E-8E96976BAC85}.Release|x64.ActiveCfg = Release|x64
		{8807397B-8BDB-4C55-9F8E-8E96976BAC85}.Release|x64.Build.0 = Release|x64
		{8807397B-8BDB-4C55-9F8E-8E96976BAC85}.Release|x86.ActiveCfg = Release|Win32
		{8807397B-8BDB-4C55-9F8E-8E96976BAC85}.Release|x86.Build.0 = Release|Win32
		{FC8A9709-71E2-4F98-AB00-AB231E58D53B}.Debug|x64.ActiveCfg = Debug|x64
		{FC8A9709-71E2-4F98-AB00-AB231E58D53B}.Debug|x64.Build.0 = Debug|x64
		{FC8A9709-71E2-4F98-AB00-AB231E58D53B}.Debug|x86.ActiveCfg = Debug|Win32
		{FC8A9709-71E2-4F98-AB00-AB231E58D53B}.Debug|x86.Build.0 = Debug|Win32
		{FC8A9709-71E2-4F98-AB00-AB231E58D53B}.Release|x64.ActiveCfg = Release|x64
		{FC8A9709-71E2-4F98-AB00-AB231E58D53B}.Release|x64.Build.0 = Release|x64
		{FC8A9709-71E2-4F98-AB00-AB231E58D53B}.Release|x86.ActiveCfg = Release|Win32
		{FC8A9709-71E2-4F98-AB00-AB231E58D53B}.Release|x86.Build.0 = Release|Win32
		{2C86995F-6A46-4C02-BC4D-6B3BD21FAC07}.Debug|x64.ActiveCfg = Debug|x64
		{2C86995F-6A46-4C02-BC4D-6B3BD21FAC07}.Debug|x64.Build.0 = Debug|x64
		{2C86995F-6A46-4C02-BC4D-6B3BD21FAC07}.Debug|x86.ActiveCfg = Debug|Win32
		{2C86995F-6A46-4C02-BC4D-6B3BD21FAC07}.Debug|x86.Build.0 = Debug|Win32
		{2C86995F-6A46-4C02-BC4D-6B3BD21FAC07}.Release|x64.ActiveCfg = Release|x64
		{2C86995F-6A46-4C02-BC4D-6B3BD21FAC07}.Release|x64.Build.0 = Release|x64
		{2C86995F-6A46-4C02-BC4D-6B3BD21FAC07}.Release|x86.ActiveCfg = Release|Win32
		{2C86995F-6A46-4C02-BC4D-6B3BD21FAC07}.Release|x86.Build.0 = Release|Win32
	EndGlobalSection
	GlobalSection(SolutionProperties) = preSolution
		HideSolutionNode = FALSE
	EndGlobalSection
	GlobalSection(ExtensibilityGlobals) = postSolution
		SolutionGuid = {A2F9F660-036E-4524-A6D6-795B1F638869}
	EndGlobalSection
EndGlobal
